
Microsoft Visual Studio Solution File, Format Version 12.00
# Visual Studio Version 16
VisualStudioVersion = 16.0.29230.47
MinimumVisualStudioVersion = 10.0.40219.1
Project("{FAE04EC0-301F-11D3-BF4B-00C04F79EFBC}") = "HockeyCms", "HockeyCms\HockeyCms.csproj", "{797B38B2-CC36-408E-8EC6-244BA1C948BC}"
EndProject
Global
	GlobalSection(SolutionConfigurationPlatforms) = preSolution
		Debug|Any CPU = Debug|Any CPU
		Release|Any CPU = Release|Any CPU
	EndGlobalSection
	GlobalSection(ProjectConfigurationPlatforms) = postSolution
		{797B38B2-CC36-408E-8EC6-244BA1C948BC}.Debug|Any CPU.ActiveCfg = Debug|Any CPU
		{797B38B2-CC36-408E-8EC6-244BA1C948BC}.Debug|Any CPU.Build.0 = Debug|Any CPU
		{797B38B2-CC36-408E-8EC6-244BA1C948BC}.Release|Any CPU.ActiveCfg = Release|Any CPU
		{797B38B2-CC36-408E-8EC6-244BA1C948BC}.Release|Any CPU.Build.0 = Release|Any CPU
	EndGlobalSection
	GlobalSection(SolutionProperties) = preSolution
		HideSolutionNode = FALSE
	EndGlobalSection
	GlobalSection(ExtensibilityGlobals) = postSolution
		SolutionGuid = {885E660A-EDB2-43DD-80B3-543D2BA15D66}
	EndGlobalSection
EndGlobal
